
Microsoft Visual Studio Solution File, Format Version 12.00
# Visual Studio Version 17
VisualStudioVersion = 17.5.33502.453
MinimumVisualStudioVersion = 10.0.40219.1
Project("{FAE04EC0-301F-11D3-BF4B-00C04F79EFBC}") = "Pruebas", "Pruebas.csproj", "{75F31A11-6F49-409B-93E5-F951E8228FFC}"
EndProject
Project("{FAE04EC0-301F-11D3-BF4B-00C04F79EFBC}") = "Menu", "..\Menu\Menu.csproj", "{830116AB-512B-45F3-AF9A-6D3ADB4994C0}"
EndProject
Global
	GlobalSection(SolutionConfigurationPlatforms) = preSolution
		Debug|Any CPU = Debug|Any CPU
		Release|Any CPU = Release|Any CPU
	EndGlobalSection
	GlobalSection(ProjectConfigurationPlatforms) = postSolution
		{75F31A11-6F49-409B-93E5-F951E8228FFC}.Debug|Any CPU.ActiveCfg = Debug|Any CPU
		{75F31A11-6F49-409B-93E5-F951E8228FFC}.Debug|Any CPU.Build.0 = Debug|Any CPU
		{75F31A11-6F49-409B-93E5-F951E8228FFC}.Release|Any CPU.ActiveCfg = Release|Any CPU
		{75F31A11-6F49-409B-93E5-F951E8228FFC}.Release|Any CPU.Build.0 = Release|Any CPU
		{830116AB-512B-45F3-AF9A-6D3ADB4994C0}.Debug|Any CPU.ActiveCfg = Debug|Any CPU
		{830116AB-512B-45F3-AF9A-6D3ADB4994C0}.Debug|Any CPU.Build.0 = Debug|Any CPU
		{830116AB-512B-45F3-AF9A-6D3ADB4994C0}.Release|Any CPU.ActiveCfg = Release|Any CPU
		{830116AB-512B-45F3-AF9A-6D3ADB4994C0}.Release|Any CPU.Build.0 = Release|Any CPU
	EndGlobalSection
	GlobalSection(SolutionProperties) = preSolution
		HideSolutionNode = FALSE
	EndGlobalSection
	GlobalSection(ExtensibilityGlobals) = postSolution
		SolutionGuid = {BFFFD308-5E8F-4B71-9846-FC7C3A04FFA3}
	EndGlobalSection
EndGlobal
