
Microsoft Visual Studio Solution File, Format Version 12.00
# Visual Studio Version 17
VisualStudioVersion = 17.5.33502.453
MinimumVisualStudioVersion = 10.0.40219.1
Project("{FAE04EC0-301F-11D3-BF4B-00C04F79EFBC}") = "BotigaCistellaApp", "BotigaCistellaApp.csproj", "{D617FBF1-0191-4BA3-9ECA-B52ADF11F53C}"
EndProject
Global
	GlobalSection(SolutionConfigurationPlatforms) = preSolution
		Debug|Any CPU = Debug|Any CPU
		Release|Any CPU = Release|Any CPU
	EndGlobalSection
	GlobalSection(ProjectConfigurationPlatforms) = postSolution
		{D617FBF1-0191-4BA3-9ECA-B52ADF11F53C}.Debug|Any CPU.ActiveCfg = Debug|Any CPU
		{D617FBF1-0191-4BA3-9ECA-B52ADF11F53C}.Debug|Any CPU.Build.0 = Debug|Any CPU
		{D617FBF1-0191-4BA3-9ECA-B52ADF11F53C}.Release|Any CPU.ActiveCfg = Release|Any CPU
		{D617FBF1-0191-4BA3-9ECA-B52ADF11F53C}.Release|Any CPU.Build.0 = Release|Any CPU
	EndGlobalSection
	GlobalSection(SolutionProperties) = preSolution
		HideSolutionNode = FALSE
	EndGlobalSection
	GlobalSection(ExtensibilityGlobals) = postSolution
		SolutionGuid = {02F9ED8E-9B46-40D9-BE4A-0C9AB8810C2F}
	EndGlobalSection
EndGlobal
